{
	"requires": true,
	"lockfileVersion": 1,
	"dependencies": {
		"graceful-fs": {
			"version": "4.1.11",
			"resolved": "https://registry.npmjs.org/graceful-fs/-/graceful-fs-4.1.11.tgz",
			"integrity": "sha1-Dovf5NHduIVNZOBOp8AOKgJuVlg="
		},
		"read-json-sync": {
			"version": "2.0.0",
			"resolved": "https://registry.npmjs.org/read-json-sync/-/read-json-sync-2.0.0.tgz",
			"integrity": "sha512-3w/Gh40X24GJACTWhbs9d7adcLTeQ+/6RgDN4Tq2lmwgLFC7cdBmEZt/uPg2HqL1Le64zrvAQpQlP7QxGFDI+A==",
			"requires": {
				"graceful-fs": "4.1.11"
			}
		}
	}
}
